# Spark 4.2 Python overrides for packages not covered by the shared Spark 4.1 lock.
# PySpark 4.2.0 was uploaded after UV_EXCLUDE_NEWER, so pin its exact published sdist.
pyspark @ https://files.pythonhosted.org/packages/c3/33/c987434f5d50aa802779a004ca0fd45ee4350caab50554ad7283d5a22b50/pyspark-4.2.0.tar.gz \
    --hash=sha256:5ad689d53570ee1674193fd4f9bda065f0db3be9363a27d2a3406cc457b70b61

# Spark Connect in PySpark 4.2 requires PyArrow 18 or newer. Pin the Python 3.10 Linux wheel.
pyarrow @ https://files.pythonhosted.org/packages/8a/77/4b3fab91a30e19e233e738d0c5eca5a8f6dd05758bc349a2ca262c65de79/pyarrow-18.1.0-cp310-cp310-manylinux_2_17_x86_64.manylinux2014_x86_64.whl \
    --hash=sha256:c0a03da7f2758645d17b7b4f83c8bffeae5bbb7f974523fe901f36288d2eab71
