# This file was autogenerated by uv via the following command:
#    uv pip compile --python-version 3.10 --python-platform linux --generate-hashes -o dev/requirements.lock dev/requirements.txt
black==23.12.1 \
    --hash=sha256:0808494f2b2df923ffc5723ed3c7b096bd76341f6213989759287611e9837d50 \
    --hash=sha256:1fa88a0f74e50e4487477bc0bb900c6781dbddfdfa32691e780bf854c3b4a47f \
    --hash=sha256:25e57fd232a6d6ff3f4478a6fd0580838e47c93c83eaf1ccc92d4faf27112c4e \
    --hash=sha256:2d9e13db441c509a3763a7a3d9a49ccc1b4e974a47be4e08ade2a228876500ec \
    --hash=sha256:3e1b38b3135fd4c025c28c55ddfc236b05af657828a8a6abe5deec419a0b7055 \
    --hash=sha256:3fa4be75ef2a6b96ea8d92b1587dd8cb3a35c7e3d51f0738ced0781c3aa3a5a3 \
    --hash=sha256:4ce3ef14ebe8d9509188014d96af1c456a910d5b5cbf434a09fef7e024b3d0d5 \
    --hash=sha256:4f0031eaa7b921db76decd73636ef3a12c942ed367d8c3841a0739412b260a54 \
    --hash=sha256:602cfb1196dc692424c70b6507593a2b29aac0547c1be9a1d1365f0d964c353b \
    --hash=sha256:6d1bd9c210f8b109b1762ec9fd36592fdd528485aadb3f5849b2740ef17e674e \
    --hash=sha256:78baad24af0f033958cad29731e27363183e140962595def56423e626f4bee3e \
    --hash=sha256:8d4df77958a622f9b5a4c96edb4b8c0034f8434032ab11077ec6c56ae9f384ba \
    --hash=sha256:97e56155c6b737854e60a9ab1c598ff2533d57e7506d97af5481141671abf3ea \
    --hash=sha256:9c4352800f14be5b4864016882cdba10755bd50805c95f728011bcb47a4afd59 \
    --hash=sha256:a4d6a9668e45ad99d2f8ec70d5c8c04ef4f32f648ef39048d010b0689832ec6d \
    --hash=sha256:a920b569dc6b3472513ba6ddea21f440d4b4c699494d2e972a1753cdc25df7b0 \
    --hash=sha256:ae76c22bde5cbb6bfd211ec343ded2163bba7883c7bc77f6b756a1049436fbb9 \
    --hash=sha256:b18fb2ae6c4bb63eebe5be6bd869ba2f14fd0259bda7d18a46b764d8fb86298a \
    --hash=sha256:c04b6d9d20e9c13f43eee8ea87d44156b8505ca8a3c878773f68b4e4812a421e \
    --hash=sha256:c88b3711d12905b74206227109272673edce0cb29f27e1385f33b0163c414bba \
    --hash=sha256:dd15245c8b68fe2b6bd0f32c1556509d11bb33aec9b5d0866dd8e2ed3dba09c2 \
    --hash=sha256:e0aaf6041986767a5e0ce663c7a2f0e9eaf21e6ff87a5f95cbf3675bfd4c41d2
    # via -r dev/requirements.txt
click==8.3.1 \
    --hash=sha256:12ff4785d337a1bb490bb7e9c2b1ee5da3112e94a8622f26a6c77f5d2fc6842a \
    --hash=sha256:981153a64e25f12d547d3426c367a4857371575ee7ad18df2a6183ab0545b2a6
    # via black
flake8==3.9.0 \
    --hash=sha256:12d05ab02614b6aee8df7c36b97d1a3b2372761222b19b58621355e82acddcff \
    --hash=sha256:78873e372b12b093da7b5e5ed302e8ad9e988b38b063b61ad937f26ca58fc5f0
    # via -r dev/requirements.txt
googleapis-common-protos==1.73.0 \
    --hash=sha256:778d07cd4fbeff84c6f7c72102f0daf98fa2bfd3fa8bea426edc545588da0b5a \
    --hash=sha256:dfdaaa2e860f242046be561e6d6cb5c5f1541ae02cfbcb034371aadb2942b4e8
    # via
    #   -r dev/requirements.txt
    #   grpcio-status
grpcio==1.78.0 \
    --hash=sha256:082653eecbdf290e6e3e2c276ab2c54b9e7c299e07f4221872380312d8cf395e \
    --hash=sha256:10a9a644b5dd5aec3b82b5b0b90d41c0fa94c85ef42cb42cf78a23291ddb5e7d \
    --hash=sha256:12a771591ae40bc65ba67048fa52ef4f0e6db8279e595fd349f9dfddeef571f9 \
    --hash=sha256:185dea0d5260cbb2d224c507bf2a5444d5abbb1fa3594c1ed7e4c709d5eb8383 \
    --hash=sha256:1afa62af6e23f88629f2b29ec9e52ec7c65a7176c1e0a83292b93c76ca882558 \
    --hash=sha256:2045397e63a7a0ee7957c25f7dbb36ddc110e0cfb418403d110c0a7a68a844e9 \
    --hash=sha256:207db540302c884b8848036b80db352a832b99dfdf41db1eb554c2c2c7800f65 \
    --hash=sha256:271c73e6e5676afe4fc52907686670c7cea22ab2310b76a59b678403ed40d670 \
    --hash=sha256:2777b783f6c13b92bd7b716667452c329eefd646bfb3f2e9dabea2e05dbd34f6 \
    --hash=sha256:2bf5e2e163b356978b23652c4818ce4759d40f4712ee9ec5a83c4be6f8c23a3a \
    --hash=sha256:35eb275bf1751d2ffbd8f57cdbc46058e857cf3971041521b78b7db94bdaf127 \
    --hash=sha256:391e93548644e6b2726f1bb84ed60048d4bcc424ce5e4af0843d28ca0b754fec \
    --hash=sha256:3c586ac70e855c721bda8f548d38c3ca66ac791dc49b66a8281a1f99db85e452 \
    --hash=sha256:3f8904a8165ab21e07e58bf3e30a73f4dffc7a1e0dbc32d51c61b5360d26f43e \
    --hash=sha256:459ab414b35f4496138d0ecd735fed26f1318af5e52cb1efbc82a09f0d5aa911 \
    --hash=sha256:4c5533d03a6cbd7f56acfc9cfb44ea64f63d29091e40e44010d34178d392d7eb \
    --hash=sha256:51b13f9aed9d59ee389ad666b8c2214cc87b5de258fa712f9ab05f922e3896c6 \
    --hash=sha256:5361a0630a7fdb58a6a97638ab70e1dae2893c4d08d7aba64ded28bb9e7a29df \
    --hash=sha256:5397fff416b79e4b284959642a4e95ac4b0f1ece82c9993658e0e477d40551ec \
    --hash=sha256:57bab6deef2f4f1ca76cc04565df38dc5713ae6c17de690721bdf30cb1e0545c \
    --hash=sha256:6092beabe1966a3229f599d7088b38dfc8ffa1608b5b5cdda31e591e6500f856 \
    --hash=sha256:684083fd383e9dc04c794adb838d4faea08b291ce81f64ecd08e4577c7398adf \
    --hash=sha256:735e38e176a88ce41840c21bb49098ab66177c64c82426e24e0082500cc68af5 \
    --hash=sha256:7382b95189546f375c174f53a5fa873cef91c4b8005faa05cc5b3beea9c4f1c5 \
    --hash=sha256:748b6138585379c737adc08aeffd21222abbda1a86a0dca2a39682feb9196c20 \
    --hash=sha256:74be1268d1439eaaf552c698cdb11cd594f0c49295ae6bb72c34ee31abbe611b \
    --hash=sha256:7cc47943d524ee0096f973e1081cb8f4f17a4615f2116882a5f1416e4cfe92b5 \
    --hash=sha256:859b13906ce098c0b493af92142ad051bf64c7870fa58a123911c88606714996 \
    --hash=sha256:85f93781028ec63f383f6bc90db785a016319c561cc11151fbb7b34e0d012303 \
    --hash=sha256:86ce2371bfd7f212cf60d8517e5e854475c2c43ce14aa910e136ace72c6db6c1 \
    --hash=sha256:86f85dd7c947baa707078a236288a289044836d4b640962018ceb9cd1f899af5 \
    --hash=sha256:8dfffba826efcf366b1e3ccc37e67afe676f290e13a3b48d31a46739f80a8724 \
    --hash=sha256:8f2ac84905d12918e4e55a16da17939eb63e433dc11b677267c35568aa63fc84 \
    --hash=sha256:94309f498bcc07e5a7d16089ab984d42ad96af1d94b5a4eb966a266d9fcabf68 \
    --hash=sha256:94f95cf5d532d0e717eed4fc1810e8e6eded04621342ec54c89a7c2f14b581bf \
    --hash=sha256:9566fe4ababbb2610c39190791e5b829869351d14369603702e890ef3ad2d06e \
    --hash=sha256:9dca934f24c732750389ce49d638069c3892ad065df86cb465b3fa3012b70c9e \
    --hash=sha256:a9f136fbafe7ccf4ac7e8e0c28b31066e810be52d6e344ef954a3a70234e1702 \
    --hash=sha256:ab399ef5e3cd2a721b1038a0f3021001f19c5ab279f145e1146bb0b9f1b2b12c \
    --hash=sha256:b0c689c02947d636bc7fab3e30cc3a3445cca99c834dfb77cd4a6cabfc1c5597 \
    --hash=sha256:b2342d87af32790f934a79c3112641e7b27d63c261b8b4395350dad43eff1dc7 \
    --hash=sha256:b58f37edab4a3881bc6c9bca52670610e0c9ca14e2ea3cf9debf185b870457fb \
    --hash=sha256:bd8cb8026e5f5b50498a3c4f196f57f9db344dad829ffae16b82e4fdbaea2813 \
    --hash=sha256:be63c88b32e6c0f1429f1398ca5c09bc64b0d80950c8bb7807d7d7fb36fb84c7 \
    --hash=sha256:c3f293fdc675ccba4db5a561048cca627b5e7bd1c8a6973ffedabe7d116e22e2 \
    --hash=sha256:c41bc64626db62e72afec66b0c8a0da76491510015417c127bfc53b2fe6d7f7f \
    --hash=sha256:ce3a90455492bf8bfa38e56fbbe1dbd4f872a3d8eeaf7337dc3b1c8aa28c271b \
    --hash=sha256:ce7599575eeb25c0f4dc1be59cada6219f3b56176f799627f44088b21381a28a \
    --hash=sha256:dce09d6116df20a96acfdbf85e4866258c3758180e8c49845d6ba8248b6d0bbb \
    --hash=sha256:de8cb00d1483a412a06394b8303feec5dcb3b55f81d83aa216dbb6a0b86a94f5 \
    --hash=sha256:df2c8f3141f7cbd112a6ebbd760290b5849cda01884554f7c67acc14e7b1758a \
    --hash=sha256:e87cbc002b6f440482b3519e36e1313eb5443e9e9e73d6a52d43bd2004fcfd8e \
    --hash=sha256:e888474dee2f59ff68130f8a397792d8cb8e17e6b3434339657ba4ee90845a8c \
    --hash=sha256:f12857d24d98441af6a1d5c87442d624411db486f7ba12550b07788f74b67b04 \
    --hash=sha256:f2d4e43ee362adfc05994ed479334d5a451ab7bc3f3fee1b796b8ca66895acb4 \
    --hash=sha256:f3d6379493e18ad4d39537a82371c5281e153e963cecb13f953ebac155756525 \
    --hash=sha256:f8dff3d9777e5d2703a962ee5c286c239bf0ba173877cc68dc02c17d042e29de \
    --hash=sha256:f9ab915a267fc47c7e88c387a3a28325b58c898e23d4995f765728f4e3dedb97 \
    --hash=sha256:fbe6e89c7ffb48518384068321621b2a69cab509f58e40e4399fdd378fa6d074 \
    --hash=sha256:fd5f135b1bd58ab088930b3c613455796dfa0393626a6972663ccdda5b4ac6ce \
    --hash=sha256:ff870aebe9a93a85283837801d35cd5f8814fe2ad01e606861a7fb47c762a2b7
    # via
    #   -r dev/requirements.txt
    #   grpcio-status
grpcio-status==1.78.0 \
    --hash=sha256:a34cfd28101bfea84b5aa0f936b4b423019e9213882907166af6b3bddc59e189 \
    --hash=sha256:b492b693d4bf27b47a6c32590701724f1d3b9444b36491878fb71f6208857f34
    # via -r dev/requirements.txt
mccabe==0.6.1 \
    --hash=sha256:ab8a6258860da4b6677da4bd2fe5dc2c659cff31b3ee4f7f5d64e79735b80d42 \
    --hash=sha256:dd8d182285a0fe56bace7f45b5e7d1a6ebcbf524e8f3bd87eb0f125271b8831f
    # via flake8
mypy==1.8.0 \
    --hash=sha256:028cf9f2cae89e202d7b6593cd98db6759379f17a319b5faf4f9978d7084cdc6 \
    --hash=sha256:2afecd6354bbfb6e0160f4e4ad9ba6e4e003b767dd80d85516e71f2e955ab50d \
    --hash=sha256:2b5b6c721bd4aabaadead3a5e6fa85c11c6c795e0c81a7215776ef8afc66de02 \
    --hash=sha256:42419861b43e6962a649068a61f4a4839205a3ef525b858377a960b9e2de6e0d \
    --hash=sha256:42c6680d256ab35637ef88891c6bd02514ccb7e1122133ac96055ff458f93fc3 \
    --hash=sha256:485a8942f671120f76afffff70f259e1cd0f0cfe08f81c05d8816d958d4577d3 \
    --hash=sha256:4c886c6cce2d070bd7df4ec4a05a13ee20c0aa60cb587e8d1265b6c03cf91da3 \
    --hash=sha256:4e6d97288757e1ddba10dd9549ac27982e3e74a49d8d0179fc14d4365c7add66 \
    --hash=sha256:4ef4be7baf08a203170f29e89d79064463b7fc7a0908b9d0d5114e8009c3a259 \
    --hash=sha256:51720c776d148bad2372ca21ca29256ed483aa9a4cdefefcef49006dff2a6835 \
    --hash=sha256:52825b01f5c4c1c4eb0db253ec09c7aa17e1a7304d247c48b6f3599ef40db8bd \
    --hash=sha256:538fd81bb5e430cc1381a443971c0475582ff9f434c16cd46d2c66763ce85d9d \
    --hash=sha256:5c1538c38584029352878a0466f03a8ee7547d7bd9f641f57a0f3017a7c905b8 \
    --hash=sha256:6ff8b244d7085a0b425b56d327b480c3b29cafbd2eff27316a004f9a7391ae07 \
    --hash=sha256:7178def594014aa6c35a8ff411cf37d682f428b3b5617ca79029d8ae72f5402b \
    --hash=sha256:720a5ca70e136b675af3af63db533c1c8c9181314d207568bbe79051f122669e \
    --hash=sha256:7f1478736fcebb90f97e40aff11a5f253af890c845ee0c850fe80aa060a267c6 \
    --hash=sha256:855fe27b80375e5c5878492f0729540db47b186509c98dae341254c8f45f42ae \
    --hash=sha256:8963b83d53ee733a6e4196954502b33567ad07dfd74851f32be18eb932fb1cb9 \
    --hash=sha256:9261ed810972061388918c83c3f5cd46079d875026ba97380f3e3978a72f503d \
    --hash=sha256:99b00bc72855812a60d253420d8a2eae839b0afa4938f09f4d2aa9bb4654263a \
    --hash=sha256:ab3c84fa13c04aeeeabb2a7f67a25ef5d77ac9d6486ff33ded762ef353aa5592 \
    --hash=sha256:afe3fe972c645b4632c563d3f3eff1cdca2fa058f730df2b93a35e3b0c538218 \
    --hash=sha256:d19c413b3c07cbecf1f991e2221746b0d2a9410b59cb3f4fb9557f0365a1a817 \
    --hash=sha256:df9824ac11deaf007443e7ed2a4a26bebff98d2bc43c6da21b2b64185da011c4 \
    --hash=sha256:e46f44b54ebddbeedbd3d5b289a893219065ef805d95094d16a0af6630f5d410 \
    --hash=sha256:f5ac9a4eeb1ec0f1ccdc6f326bcdb464de5f80eb07fb38b5ddd7b0de6bc61e55
    # via -r dev/requirements.txt
mypy-extensions==1.1.0 \
    --hash=sha256:1be4cccdb0f2482337c4743e60421de3a356cd97508abadd57d47403e94f5505 \
    --hash=sha256:52e68efc3284861e772bbcd66823fde5ae21fd2fdb51c62a211403730b916558
    # via
    #   black
    #   mypy
mypy-protobuf==3.3.0 \
    --hash=sha256:15604f6943b16c05db646903261e3b3e775cf7f7990b7c37b03d043a907b650d \
    --hash=sha256:24f3b0aecb06656e983f58e07c732a90577b9d7af3e1066fc2b663bbf0370248
    # via -r dev/requirements.txt
packaging==26.0 \
    --hash=sha256:00243ae351a257117b6a241061796684b084ed1c516a08c48a3f7e147a9d80b4 \
    --hash=sha256:b36f1fef9334a5588b4166f8bcd26a14e521f2b55e6b9de3aaa80d3ff7a37529
    # via black
pathspec==1.0.4 \
    --hash=sha256:0210e2ae8a21a9137c0d470578cb0e595af87edaa6ebf12ff176f14a02e0e645 \
    --hash=sha256:fb6ae2fd4e7c921a165808a552060e722767cfa526f99ca5156ed2ce45a5c723
    # via black
platformdirs==4.9.4 \
    --hash=sha256:1ec356301b7dc906d83f371c8f487070e99d3ccf9e501686456394622a01a934 \
    --hash=sha256:68a9a4619a666ea6439f2ff250c12a853cd1cbd5158d258bd824a7df6be2f868
    # via black
protobuf==6.33.5 \
    --hash=sha256:3093804752167bcab3998bec9f1048baae6e29505adaf1afd14a37bddede533c \
    --hash=sha256:69915a973dd0f60f31a08b8318b73eab2bd6a392c79184b3612226b0a3f8ec02 \
    --hash=sha256:6ddcac2a081f8b7b9642c09406bc6a4290128fce5f471cddd165960bb9119e5c \
    --hash=sha256:8afa18e1d6d20af15b417e728e9f60f3aa108ee76f23c3b2c07a2c3b546d3afd \
    --hash=sha256:8f04fa32763dcdb4973d537d6b54e615cc61108c7cb38fe59310c3192d29510a \
    --hash=sha256:9b71e0281f36f179d00cbcb119cb19dec4d14a81393e5ea220f64b286173e190 \
    --hash=sha256:a3157e62729aafb8df6da2c03aa5c0937c7266c626ce11a278b6eb7963c4e37c \
    --hash=sha256:a5cb85982d95d906df1e2210e58f8e4f1e3cdc088e52c921a041f9c9a0386de5 \
    --hash=sha256:cbf16ba3350fb7b889fca858fb215967792dc125b35c7976ca4818bee3521cf0 \
    --hash=sha256:d71b040839446bac0f4d162e758bea99c8251161dae9d0983a3b88dee345153b
    # via
    #   googleapis-common-protos
    #   grpcio-status
    #   mypy-protobuf
pycodestyle==2.7.0 \
    --hash=sha256:514f76d918fcc0b55c6680472f0a37970994e07bbb80725808c17089be302068 \
    --hash=sha256:c389c1d06bf7904078ca03399a4816f974a1d590090fecea0c63ec26ebaf1cef
    # via flake8
pyflakes==2.3.1 \
    --hash=sha256:7893783d01b8a89811dd72d7dfd4d84ff098e5eed95cfa8905b22bbffe52efc3 \
    --hash=sha256:f5bc8ecabc05bb9d291eb5203d6810b49040f6ff446a756326104746cc00c1db
    # via flake8
tomli==2.4.0 \
    --hash=sha256:0408e3de5ec77cc7f81960c362543cbbd91ef883e3138e81b729fc3eea5b9729 \
    --hash=sha256:0dc56fef0e2c1c470aeac5b6ca8cc7b640bb93e92d9803ddaf9ea03e198f5b0b \
    --hash=sha256:0e0fe8a0b8312acf3a88077a0802565cb09ee34107813bba1c7cd591fa6cfc8d \
    --hash=sha256:0f2e3955efea4d1cfbcb87bc321e00dc08d2bcb737fd1d5e398af111d86db5df \
    --hash=sha256:133e93646ec4300d651839d382d63edff11d8978be23da4cc106f5a18b7d0576 \
    --hash=sha256:1b168f2731796b045128c45982d3a4874057626da0e2ef1fdd722848b741361d \
    --hash=sha256:1c8a885b370751837c029ef9bc014f27d80840e48bac415f3412e6593bbc18c1 \
    --hash=sha256:1f776e7d669ebceb01dee46484485f43a4048746235e683bcdffacdf1fb4785a \
    --hash=sha256:1fb2945cbe303b1419e2706e711b7113da57b7db31ee378d08712d678a34e51e \
    --hash=sha256:20cedb4ee43278bc4f2fee6cb50daec836959aadaf948db5172e776dd3d993fc \
    --hash=sha256:20ffd184fb1df76a66e34bd1b36b4a4641bd2b82954befa32fe8163e79f1a702 \
    --hash=sha256:26ab906a1eb794cd4e103691daa23d95c6919cc2fa9160000ac02370cc9dd3f6 \
    --hash=sha256:2add28aacc7425117ff6364fe9e06a183bb0251b03f986df0e78e974047571fd \
    --hash=sha256:2b1e3b80e1d5e52e40e9b924ec43d81570f0e7d09d11081b797bc4692765a3d4 \
    --hash=sha256:31d556d079d72db7c584c0627ff3a24c5d3fb4f730221d3444f3efb1b2514776 \
    --hash=sha256:36b9d05b51e65b254ea6c2585b59d2c4cb91c8a3d91d0ed0f17591a29aaea54a \
    --hash=sha256:39b0b5d1b6dd03684b3fb276407ebed7090bbec989fa55838c98560c01113b66 \
    --hash=sha256:3cf226acb51d8f1c394c1b310e0e0e61fecdd7adcb78d01e294ac297dd2e7f87 \
    --hash=sha256:3d895d56bd3f82ddd6faaff993c275efc2ff38e52322ea264122d72729dca2b2 \
    --hash=sha256:413540dce94673591859c4c6f794dfeaa845e98bf35d72ed59636f869ef9f86f \
    --hash=sha256:43e685b9b2341681907759cf3a04e14d7104b3580f808cfde1dfdb60ada85475 \
    --hash=sha256:4cbcb367d44a1f0c2be408758b43e1ffb5308abe0ea222897d6bfc8e8281ef2f \
    --hash=sha256:551e321c6ba03b55676970b47cb1b73f14a0a4dce6a3e1a9458fd6d921d72e95 \
    --hash=sha256:5572e41282d5268eb09a697c89a7bee84fae66511f87533a6f88bd2f7b652da9 \
    --hash=sha256:5aa48d7c2356055feef06a43611fc401a07337d5b006be13a30f6c58f869e3c3 \
    --hash=sha256:5b5807f3999fb66776dbce568cc9a828544244a8eb84b84b9bafc080c99597b9 \
    --hash=sha256:5e3f639a7a8f10069d0e15408c0b96a2a828cfdec6fca05296ebcdcc28ca7c76 \
    --hash=sha256:685306e2cc7da35be4ee914fd34ab801a6acacb061b6a7abca922aaf9ad368da \
    --hash=sha256:75c2f8bbddf170e8effc98f5e9084a8751f8174ea6ccf4fca5398436e0320bc8 \
    --hash=sha256:7b438885858efd5be02a9a133caf5812b8776ee0c969fea02c45e8e3f296ba51 \
    --hash=sha256:7d49c66a7d5e56ac959cb6fc583aff0651094ec071ba9ad43df785abc2320d86 \
    --hash=sha256:7d6d9a4aee98fac3eab4952ad1d73aee87359452d1c086b5ceb43ed02ddb16b8 \
    --hash=sha256:84d081fbc252d1b6a982e1870660e7330fb8f90f676f6e78b052ad4e64714bf0 \
    --hash=sha256:8768715ffc41f0008abe25d808c20c3d990f42b6e2e58305d5da280ae7d1fa3b \
    --hash=sha256:920b1de295e72887bafa3ad9f7a792f811847d57ea6b1215154030cf131f16b1 \
    --hash=sha256:9a08144fa4cba33db5255f9b74f0b89888622109bd2776148f2597447f92a94e \
    --hash=sha256:a26d7ff68dfdb9f87a016ecfd1e1c2bacbe3108f4e0f8bcd2228ef9a766c787d \
    --hash=sha256:aa89c3f6c277dd275d8e243ad24f3b5e701491a860d5121f2cdd399fbb31fc9c \
    --hash=sha256:b5ef256a3fd497d4973c11bf142e9ed78b150d36f5773f1ca6088c230ffc5867 \
    --hash=sha256:b6c78bdf37764092d369722d9946cb65b8767bfa4110f902a1b2542d8d173c8a \
    --hash=sha256:bbb1b10aa643d973366dc2cb1ad94f99c1726a02343d43cbc011edbfac579e7c \
    --hash=sha256:c084ad935abe686bd9c898e62a02a19abfc9760b5a79bc29644463eaf2840cb0 \
    --hash=sha256:c73add4bb52a206fd0c0723432db123c0c75c280cbd67174dd9d2db228ebb1b4 \
    --hash=sha256:cae9c19ed12d4e8f3ebf46d1a75090e4c0dc16271c5bce1c833ac168f08fb614 \
    --hash=sha256:d20b797a5c1ad80c516e41bc1fb0443ddb5006e9aaa7bda2d71978346aeb9132 \
    --hash=sha256:d3d1654e11d724760cdb37a3d7691f0be9db5fbdaef59c9f532aabf87006dbaa \
    --hash=sha256:d878f2a6707cc9d53a1be1414bbb419e629c3d6e67f69230217bb663e76b5087
    # via
    #   black
    #   mypy
types-protobuf==6.32.1.20260221 \
    --hash=sha256:6d5fb060a616bfb076cbb61b4b3c3969f5fc8bec5810f9a2f7e648ee5cbcbf6e \
    --hash=sha256:da7cdd947975964a93c30bfbcc2c6841ee646b318d3816b033adc2c4eb6448e4
    # via mypy-protobuf
typing-extensions==4.15.0 \
    --hash=sha256:0cea48d173cc12fa28ecabc3b837ea3cf6f38c6d1136f85cbaaf598984861466 \
    --hash=sha256:f0fa19c6845758ab08074a0cfa8b7aecb71c999ca73d62883bc25cc018c4e548
    # via
    #   black
    #   grpcio
    #   mypy
